// !$*UTF8*$!
{
	archiveVersion = 1;
	classes = {
	};
	objectVersion = 50;
	objects = {

/* Begin PBXBuildFile section */
		35F13555BC6D966E264B6075 /* libPods-MLGo.a in Frameworks */ = {isa = PBXBuildFile; fileRef = 4F4F2B8793185A454BAF3C02 /* libPods-MLGo.a */; };
		F596D8B421095F730075949E /* HomeVC.m in Sources */ = {isa = PBXBuildFile; fileRef = F596D8B321095F730075949E /* HomeVC.m */; };
		F596D8B721095F830075949E /* SearcVC.m in Sources */ = {isa = PBXBuildFile; fileRef = F596D8B621095F830075949E /* SearcVC.m */; };
		F596D8BA210961750075949E /* JuHuaVC.m in Sources */ = {isa = PBXBuildFile; fileRef = F596D8B9210961750075949E /* JuHuaVC.m */; };
		F596D8BD210961850075949E /* RankVC.m in Sources */ = {isa = PBXBuildFile; fileRef = F596D8BC210961850075949E /* RankVC.m */; };
		F596D8C0210961920075949E /* MineVC.m in Sources */ = {isa = PBXBuildFile; fileRef = F596D8BF210961920075949E /* MineVC.m */; };
		F5B9FD2321094B26002F1C26 /* AppDelegate.m in Sources */ = {isa = PBXBuildFile; fileRef = F5B9FD2221094B26002F1C26 /* AppDelegate.m */; };
		F5B9FD2621094B26002F1C26 /* ViewController.m in Sources */ = {isa = PBXBuildFile; fileRef = F5B9FD2521094B26002F1C26 /* ViewController.m */; };
		F5B9FD2921094B26002F1C26 /* Main.storyboard in Resources */ = {isa = PBXBuildFile; fileRef = F5B9FD2721094B26002F1C26 /* Main.storyboard */; };
		F5B9FD2B21094B27002F1C26 /* Assets.xcassets in Resources */ = {isa = PBXBuildFile; fileRef = F5B9FD2A21094B27002F1C26 /* Assets.xcassets */; };
		F5B9FD2E21094B27002F1C26 /* LaunchScreen.storyboard in Resources */ = {isa = PBXBuildFile; fileRef = F5B9FD2C21094B27002F1C26 /* LaunchScreen.storyboard */; };
		F5B9FD3121094B27002F1C26 /* main.m in Sources */ = {isa = PBXBuildFile; fileRef = F5B9FD3021094B27002F1C26 /* main.m */; };
		F5E7516A210953410093DC14 /* AppDelegate+TabBarController.m in Sources */ = {isa = PBXBuildFile; fileRef = F5E75169210953410093DC14 /* AppDelegate+TabBarController.m */; };
/* End PBXBuildFile section */

/* Begin PBXFileReference section */
		4F4F2B8793185A454BAF3C02 /* libPods-MLGo.a */ = {isa = PBXFileReference; explicitFileType = archive.ar; includeInIndex = 0; path = "libPods-MLGo.a"; sourceTree = BUILT_PRODUCTS_DIR; };
		51F4401D8AEDE8BBAA9C4744 /* Pods-MLGo.debug.xcconfig */ = {isa = PBXFileReference; includeInIndex = 1; lastKnownFileType = text.xcconfig; name = "Pods-MLGo.debug.xcconfig"; path = "Pods/Target Support Files/Pods-MLGo/Pods-MLGo.debug.xcconfig"; sourceTree = "<group>"; };
		56D719CF8961F6BC14729338 /* Pods-MLGo.release.xcconfig */ = {isa = PBXFileReference; includeInIndex = 1; lastKnownFileType = text.xcconfig; name = "Pods-MLGo.release.xcconfig"; path = "Pods/Target Support Files/Pods-MLGo/Pods-MLGo.release.xcconfig"; sourceTree = "<group>"; };
		F596D8B221095F730075949E /* HomeVC.h */ = {isa = PBXFileReference; lastKnownFileType = sourcecode.c.h; path = HomeVC.h; sourceTree = "<group>"; };
		F596D8B321095F730075949E /* HomeVC.m */ = {isa = PBXFileReference; lastKnownFileType = sourcecode.c.objc; path = HomeVC.m; sourceTree = "<group>"; };
		F596D8B521095F830075949E /* SearcVC.h */ = {isa = PBXFileReference; lastKnownFileType = sourcecode.c.h; path = SearcVC.h; sourceTree = "<group>"; };
		F596D8B621095F830075949E /* SearcVC.m */ = {isa = PBXFileReference; lastKnownFileType = sourcecode.c.objc; path = SearcVC.m; sourceTree = "<group>"; };
		F596D8B8210961750075949E /* JuHuaVC.h */ = {isa = PBXFileReference; lastKnownFileType = sourcecode.c.h; path = JuHuaVC.h; sourceTree = "<group>"; };
		F596D8B9210961750075949E /* JuHuaVC.m */ = {isa = PBXFileReference; lastKnownFileType = sourcecode.c.objc; path = JuHuaVC.m; sourceTree = "<group>"; };
		F596D8BB210961850075949E /* RankVC.h */ = {isa = PBXFileReference; lastKnownFileType = sourcecode.c.h; path = RankVC.h; sourceTree = "<group>"; };
		F596D8BC210961850075949E /* RankVC.m */ = {isa = PBXFileReference; lastKnownFileType = sourcecode.c.objc; path = RankVC.m; sourceTree = "<group>"; };
		F596D8BE210961920075949E /* MineVC.h */ = {isa = PBXFileReference; lastKnownFileType = sourcecode.c.h; path = MineVC.h; sourceTree = "<group>"; };
		F596D8BF210961920075949E /* MineVC.m */ = {isa = PBXFileReference; lastKnownFileType = sourcecode.c.objc; path = MineVC.m; sourceTree = "<group>"; };
		F5B9FD1E21094B26002F1C26 /* MLGo.app */ = {isa = PBXFileReference; explicitFileType = wrapper.application; includeInIndex = 0; path = MLGo.app; sourceTree = BUILT_PRODUCTS_DIR; };
		F5B9FD2121094B26002F1C26 /* AppDelegate.h */ = {isa = PBXFileReference; lastKnownFileType = sourcecode.c.h; path = AppDelegate.h; sourceTree = "<group>"; };
		F5B9FD2221094B26002F1C26 /* AppDelegate.m */ = {isa = PBXFileReference; lastKnownFileType = sourcecode.c.objc; path = AppDelegate.m; sourceTree = "<group>"; };
		F5B9FD2421094B26002F1C26 /* ViewController.h */ = {isa = PBXFileReference; lastKnownFileType = sourcecode.c.h; path = ViewController.h; sourceTree = "<group>"; };
		F5B9FD2521094B26002F1C26 /* ViewController.m */ = {isa = PBXFileReference; lastKnownFileType = sourcecode.c.objc; path = ViewController.m; sourceTree = "<group>"; };
		F5B9FD2821094B26002F1C26 /* Base */ = {isa = PBXFileReference; lastKnownFileType = file.storyboard; name = Base; path = Base.lproj/Main.storyboard; sourceTree = "<group>"; };
		F5B9FD2A21094B27002F1C26 /* Assets.xcassets */ = {isa = PBXFileReference; lastKnownFileType = folder.assetcatalog; path = Assets.xcassets; sourceTree = "<group>"; };
		F5B9FD2D21094B27002F1C26 /* Base */ = {isa = PBXFileReference; lastKnownFileType = file.storyboard; name = Base; path = Base.lproj/LaunchScreen.storyboard; sourceTree = "<group>"; };
		F5B9FD2F21094B27002F1C26 /* Info.plist */ = {isa = PBXFileReference; lastKnownFileType = text.plist.xml; path = Info.plist; sourceTree = "<group>"; };
		F5B9FD3021094B27002F1C26 /* main.m */ = {isa = PBXFileReference; lastKnownFileType = sourcecode.c.objc; path = main.m; sourceTree = "<group>"; };
		F5E75168210953410093DC14 /* AppDelegate+TabBarController.h */ = {isa = PBXFileReference; lastKnownFileType = sourcecode.c.h; path = "AppDelegate+TabBarController.h"; sourceTree = "<group>"; };
		F5E75169210953410093DC14 /* AppDelegate+TabBarController.m */ = {isa = PBXFileReference; lastKnownFileType = sourcecode.c.objc; path = "AppDelegate+TabBarController.m"; sourceTree = "<group>"; };
/* End PBXFileReference section */

/* Begin PBXFrameworksBuildPhase section */
		F5B9FD1B21094B26002F1C26 /* Frameworks */ = {
			isa = PBXFrameworksBuildPhase;
			buildActionMask = 2147483647;
			files = (
				35F13555BC6D966E264B6075 /* libPods-MLGo.a in Frameworks */,
			);
			runOnlyForDeploymentPostprocessing = 0;
		};
/* End PBXFrameworksBuildPhase section */

/* Begin PBXGroup section */
		68D3CCA8CE15A5886541DC5A /* Pods */ = {
			isa = PBXGroup;
			children = (
				51F4401D8AEDE8BBAA9C4744 /* Pods-MLGo.debug.xcconfig */,
				56D719CF8961F6BC14729338 /* Pods-MLGo.release.xcconfig */,
			);
			name = Pods;
			sourceTree = "<group>";
		};
		7695E807A32364522EAED822 /* Frameworks */ = {
			isa = PBXGroup;
			children = (
				4F4F2B8793185A454BAF3C02 /* libPods-MLGo.a */,
			);
			name = Frameworks;
			sourceTree = "<group>";
		};
		F5B9FD1521094B26002F1C26 = {
			isa = PBXGroup;
			children = (
				F5B9FD2021094B26002F1C26 /* MLGo */,
				F5B9FD1F21094B26002F1C26 /* Products */,
				68D3CCA8CE15A5886541DC5A /* Pods */,
				7695E807A32364522EAED822 /* Frameworks */,
			);
			sourceTree = "<group>";
		};
		F5B9FD1F21094B26002F1C26 /* Products */ = {
			isa = PBXGroup;
			children = (
				F5B9FD1E21094B26002F1C26 /* MLGo.app */,
			);
			name = Products;
			sourceTree = "<group>";
		};
		F5B9FD2021094B26002F1C26 /* MLGo */ = {
			isa = PBXGroup;
			children = (
				F5E7516B210954780093DC14 /* Main */,
				F5B9FD2121094B26002F1C26 /* AppDelegate.h */,
				F5B9FD2221094B26002F1C26 /* AppDelegate.m */,
				F5E75168210953410093DC14 /* AppDelegate+TabBarController.h */,
				F5E75169210953410093DC14 /* AppDelegate+TabBarController.m */,
				F5B9FD2421094B26002F1C26 /* ViewController.h */,
				F5B9FD2521094B26002F1C26 /* ViewController.m */,
				F5B9FD2721094B26002F1C26 /* Main.storyboard */,
				F5B9FD2A21094B27002F1C26 /* Assets.xcassets */,
				F5B9FD2C21094B27002F1C26 /* LaunchScreen.storyboard */,
				F5B9FD2F21094B27002F1C26 /* Info.plist */,
				F5B9FD3021094B27002F1C26 /* main.m */,
			);
			path = MLGo;
			sourceTree = "<group>";
		};
		F5E7516B210954780093DC14 /* Main */ = {
			isa = PBXGroup;
			children = (
				F5E7516C210954780093DC14 /* Home */,
				F5E75170210954780093DC14 /* RankList */,
				F5E75174210954780093DC14 /* Search */,
				F5E75178210954780093DC14 /* JuHua */,
				F5E7517C210954780093DC14 /* Mine */,
				F5E75180210954780093DC14 /* HelpViews */,
				F5E75181210954780093DC14 /* Categories */,
			);
			path = Main;
			sourceTree = "<group>";
		};
		F5E7516C210954780093DC14 /* Home */ = {
			isa = PBXGroup;
			children = (
				F5E7516D210954780093DC14 /* Models */,
				F5E7516E210954780093DC14 /* Controllers */,
				F5E7516F210954780093DC14 /* Views */,
			);
			path = Home;
			sourceTree = "<group>";
		};
		F5E7516D210954780093DC14 /* Models */ = {
			isa = PBXGroup;
			children = (
			);
			path = Models;
			sourceTree = "<group>";
		};
		F5E7516E210954780093DC14 /* Controllers */ = {
			isa = PBXGroup;
			children = (
				F596D8B221095F730075949E /* HomeVC.h */,
				F596D8B321095F730075949E /* HomeVC.m */,
			);
			path = Controllers;
			sourceTree = "<group>";
		};
		F5E7516F210954780093DC14 /* Views */ = {
			isa = PBXGroup;
			children = (
			);
			path = Views;
			sourceTree = "<group>";
		};
		F5E75170210954780093DC14 /* RankList */ = {
			isa = PBXGroup;
			children = (
				F5E75171210954780093DC14 /* Models */,
				F5E75172210954780093DC14 /* Controllers */,
				F5E75173210954780093DC14 /* Views */,
			);
			path = RankList;
			sourceTree = "<group>";
		};
		F5E75171210954780093DC14 /* Models */ = {
			isa = PBXGroup;
			children = (
			);
			path = Models;
			sourceTree = "<group>";
		};
		F5E75172210954780093DC14 /* Controllers */ = {
			isa = PBXGroup;
			children = (
				F596D8BB210961850075949E /* RankVC.h */,
				F596D8BC210961850075949E /* RankVC.m */,
			);
			path = Controllers;
			sourceTree = "<group>";
		};
		F5E75173210954780093DC14 /* Views */ = {
			isa = PBXGroup;
			children = (
			);
			path = Views;
			sourceTree = "<group>";
		};
		F5E75174210954780093DC14 /* Search */ = {
			isa = PBXGroup;
			children = (
				F5E75175210954780093DC14 /* Models */,
				F5E75176210954780093DC14 /* Controllers */,
				F5E75177210954780093DC14 /* Views */,
			);
			path = Search;
			sourceTree = "<group>";
		};
		F5E75175210954780093DC14 /* Models */ = {
			isa = PBXGroup;
			children = (
			);
			path = Models;
			sourceTree = "<group>";
		};
		F5E75176210954780093DC14 /* Controllers */ = {
			isa = PBXGroup;
			children = (
				F596D8B521095F830075949E /* SearcVC.h */,
				F596D8B621095F830075949E /* SearcVC.m */,
			);
			path = Controllers;
			sourceTree = "<group>";
		};
		F5E75177210954780093DC14 /* Views */ = {
			isa = PBXGroup;
			children = (
			);
			path = Views;
			sourceTree = "<group>";
		};
		F5E75178210954780093DC14 /* JuHua */ = {
			isa = PBXGroup;
			children = (
				F5E75179210954780093DC14 /* Models */,
				F5E7517A210954780093DC14 /* Controllers */,
				F5E7517B210954780093DC14 /* Views */,
			);
			path = JuHua;
			sourceTree = "<group>";
		};
		F5E75179210954780093DC14 /* Models */ = {
			isa = PBXGroup;
			children = (
			);
			path = Models;
			sourceTree = "<group>";
		};
		F5E7517A210954780093DC14 /* Controllers */ = {
			isa = PBXGroup;
			children = (
				F596D8B8210961750075949E /* JuHuaVC.h */,
				F596D8B9210961750075949E /* JuHuaVC.m */,
			);
			path = Controllers;
			sourceTree = "<group>";
		};
		F5E7517B210954780093DC14 /* Views */ = {
			isa = PBXGroup;
			children = (
			);
			path = Views;
			sourceTree = "<group>";
		};
		F5E7517C210954780093DC14 /* Mine */ = {
			isa = PBXGroup;
			children = (
				F5E7517D210954780093DC14 /* Models */,
				F5E7517E210954780093DC14 /* Controllers */,
				F5E7517F210954780093DC14 /* Views */,
			);
			path = Mine;
			sourceTree = "<group>";
		};
		F5E7517D210954780093DC14 /* Models */ = {
			isa = PBXGroup;
			children = (
			);
			path = Models;
			sourceTree = "<group>";
		};
		F5E7517E210954780093DC14 /* Controllers */ = {
			isa = PBXGroup;
			children = (
				F596D8BE210961920075949E /* MineVC.h */,
				F596D8BF210961920075949E /* MineVC.m */,
			);
			path = Controllers;
			sourceTree = "<group>";
		};
		F5E7517F210954780093DC14 /* Views */ = {
			isa = PBXGroup;
			children = (
			);
			path = Views;
			sourceTree = "<group>";
		};
		F5E75180210954780093DC14 /* HelpViews */ = {
			isa = PBXGroup;
			children = (
			);
			path = HelpViews;
			sourceTree = "<group>";
		};
		F5E75181210954780093DC14 /* Categories */ = {
			isa = PBXGroup;
			children = (
			);
			path = Categories;
			sourceTree = "<group>";
		};
/* End PBXGroup section */

/* Begin PBXNativeTarget section */
		F5B9FD1D21094B26002F1C26 /* MLGo */ = {
			isa = PBXNativeTarget;
			buildConfigurationList = F5B9FD3421094B27002F1C26 /* Build configuration list for PBXNativeTarget "MLGo" */;
			buildPhases = (
				EB5E1E60AC7337EAC1EE83EB /* [CP] Check Pods Manifest.lock */,
				F5B9FD1A21094B26002F1C26 /* Sources */,
				F5B9FD1B21094B26002F1C26 /* Frameworks */,
				F5B9FD1C21094B26002F1C26 /* Resources */,
				553A7EF50E6B98B4C916867F /* [CP] Copy Pods Resources */,
			);
			buildRules = (
			);
			dependencies = (
			);
			name = MLGo;
			productName = MLGo;
			productReference = F5B9FD1E21094B26002F1C26 /* MLGo.app */;
			productType = "com.apple.product-type.application";
		};
/* End PBXNativeTarget section */

/* Begin PBXProject section */
		F5B9FD1621094B26002F1C26 /* Project object */ = {
			isa = PBXProject;
			attributes = {
				LastUpgradeCheck = 0940;
				ORGANIZATIONNAME = Maple;
				TargetAttributes = {
					F5B9FD1D21094B26002F1C26 = {
						CreatedOnToolsVersion = 9.4.1;
					};
				};
			};
			buildConfigurationList = F5B9FD1921094B26002F1C26 /* Build configuration list for PBXProject "MLGo" */;
			compatibilityVersion = "Xcode 9.3";
			developmentRegion = en;
			hasScannedForEncodings = 0;
			knownRegions = (
				en,
				Base,
			);
			mainGroup = F5B9FD1521094B26002F1C26;
			productRefGroup = F5B9FD1F21094B26002F1C26 /* Products */;
			projectDirPath = "";
			projectRoot = "";
			targets = (
				F5B9FD1D21094B26002F1C26 /* MLGo */,
			);
		};
/* End PBXProject section */

/* Begin PBXResourcesBuildPhase section */
		F5B9FD1C21094B26002F1C26 /* Resources */ = {
			isa = PBXResourcesBuildPhase;
			buildActionMask = 2147483647;
			files = (
				F5B9FD2E21094B27002F1C26 /* LaunchScreen.storyboard in Resources */,
				F5B9FD2B21094B27002F1C26 /* Assets.xcassets in Resources */,
				F5B9FD2921094B26002F1C26 /* Main.storyboard in Resources */,
			);
			runOnlyForDeploymentPostprocessing = 0;
		};
/* End PBXResourcesBuildPhase section */

/* Begin PBXShellScriptBuildPhase section */
		553A7EF50E6B98B4C916867F /* [CP] Copy Pods Resources */ = {
			isa = PBXShellScriptBuildPhase;
			buildActionMask = 2147483647;
			files = (
			);
			inputPaths = (
				"${SRCROOT}/Pods/Target Support Files/Pods-MLGo/Pods-MLGo-resources.sh",
				"${PODS_ROOT}/MJRefresh/MJRefresh/MJRefresh.bundle",
			);
			name = "[CP] Copy Pods Resources";
			outputPaths = (
				"${TARGET_BUILD_DIR}/${UNLOCALIZED_RESOURCES_FOLDER_PATH}/MJRefresh.bundle",
			);
			runOnlyForDeploymentPostprocessing = 0;
			shellPath = /bin/sh;
			shellScript = "\"${SRCROOT}/Pods/Target Support Files/Pods-MLGo/Pods-MLGo-resources.sh\"\n";
			showEnvVarsInLog = 0;
		};
		EB5E1E60AC7337EAC1EE83EB /* [CP] Check Pods Manifest.lock */ = {
			isa = PBXShellScriptBuildPhase;
			buildActionMask = 2147483647;
			files = (
			);
			inputPaths = (
				"${PODS_PODFILE_DIR_PATH}/Podfile.lock",
				"${PODS_ROOT}/Manifest.lock",
			);
			name = "[CP] Check Pods Manifest.lock";
			outputPaths = (
				"$(DERIVED_FILE_DIR)/Pods-MLGo-checkManifestLockResult.txt",
			);
			runOnlyForDeploymentPostprocessing = 0;
			shellPath = /bin/sh;
			shellScript = "diff \"${PODS_PODFILE_DIR_PATH}/Podfile.lock\" \"${PODS_ROOT}/Manifest.lock\" > /dev/null\nif [ $? != 0 ] ; then\n    # print error to STDERR\n    echo \"error: The sandbox is not in sync with the Podfile.lock. Run 'pod install' or update your CocoaPods installation.\" >&2\n    exit 1\nfi\n# This output is used by Xcode 'outputs' to avoid re-running this script phase.\necho \"SUCCESS\" > \"${SCRIPT_OUTPUT_FILE_0}\"\n";
			showEnvVarsInLog = 0;
		};
/* End PBXShellScriptBuildPhase section */

/* Begin PBXSourcesBuildPhase section */
		F5B9FD1A21094B26002F1C26 /* Sources */ = {
			isa = PBXSourcesBuildPhase;
			buildActionMask = 2147483647;
			files = (
				F596D8BD210961850075949E /* RankVC.m in Sources */,
				F5E7516A210953410093DC14 /* AppDelegate+TabBarController.m in Sources */,
				F5B9FD2621094B26002F1C26 /* ViewController.m in Sources */,
				F596D8C0210961920075949E /* MineVC.m in Sources */,
				F5B9FD3121094B27002F1C26 /* main.m in Sources */,
				F596D8BA210961750075949E /* JuHuaVC.m in Sources */,
				F596D8B421095F730075949E /* HomeVC.m in Sources */,
				F5B9FD2321094B26002F1C26 /* AppDelegate.m in Sources */,
				F596D8B721095F830075949E /* SearcVC.m in Sources */,
			);
			runOnlyForDeploymentPostprocessing = 0;
		};
/* End PBXSourcesBuildPhase section */

/* Begin PBXVariantGroup section */
		F5B9FD2721094B26002F1C26 /* Main.storyboard */ = {
			isa = PBXVariantGroup;
			children = (
				F5B9FD2821094B26002F1C26 /* Base */,
			);
			name = Main.storyboard;
			sourceTree = "<group>";
		};
		F5B9FD2C21094B27002F1C26 /* LaunchScreen.storyboard */ = {
			isa = PBXVariantGroup;
			children = (
				F5B9FD2D21094B27002F1C26 /* Base */,
			);
			name = LaunchScreen.storyboard;
			sourceTree = "<group>";
		};
/* End PBXVariantGroup section */

/* Begin XCBuildConfiguration section */
		F5B9FD3221094B27002F1C26 /* Debug */ = {
			isa = XCBuildConfiguration;
			buildSettings = {
				ALWAYS_SEARCH_USER_PATHS = NO;
				CLANG_ANALYZER_NONNULL = YES;
				CLANG_ANALYZER_NUMBER_OBJECT_CONVERSION = YES_AGGRESSIVE;
				CLANG_CXX_LANGUAGE_STANDARD = "gnu++14";
				CLANG_CXX_LIBRARY = "libc++";
				CLANG_ENABLE_MODULES = YES;
				CLANG_ENABLE_OBJC_ARC = YES;
				CLANG_ENABLE_OBJC_WEAK = YES;
				CLANG_WARN_BLOCK_CAPTURE_AUTORELEASING = YES;
				CLANG_WARN_BOOL_CONVERSION = YES;
				CLANG_WARN_COMMA = YES;
				CLANG_WARN_CONSTANT_CONVERSION = YES;
				CLANG_WARN_DEPRECATED_OBJC_IMPLEMENTATIONS = YES;
				CLANG_WARN_DIRECT_OBJC_ISA_USAGE = YES_ERROR;
				CLANG_WARN_DOCUMENTATION_COMMENTS = YES;
				CLANG_WARN_EMPTY_BODY = YES;
				CLANG_WARN_ENUM_CONVERSION = YES;
				CLANG_WARN_INFINITE_RECURSION = YES;
				CLANG_WARN_INT_CONVERSION = YES;
				CLANG_WARN_NON_LITERAL_NULL_CONVERSION = YES;
				CLANG_WARN_OBJC_IMPLICIT_RETAIN_SELF = YES;
				CLANG_WARN_OBJC_LITERAL_CONVERSION = YES;
				CLANG_WARN_OBJC_ROOT_CLASS = YES_ERROR;
				CLANG_WARN_RANGE_LOOP_ANALYSIS = YES;
				CLANG_WARN_STRICT_PROTOTYPES = YES;
				CLANG_WARN_SUSPICIOUS_MOVE = YES;
				CLANG_WARN_UNGUARDED_AVAILABILITY = YES_AGGRESSIVE;
				CLANG_WARN_UNREACHABLE_CODE = YES;
				CLANG_WARN__DUPLICATE_METHOD_MATCH = YES;
				CODE_SIGN_IDENTITY = "iPhone Developer";
				COPY_PHASE_STRIP = NO;
				DEBUG_INFORMATION_FORMAT = dwarf;
				ENABLE_STRICT_OBJC_MSGSEND = YES;
				ENABLE_TESTABILITY = YES;
				GCC_C_LANGUAGE_STANDARD = gnu11;
				GCC_DYNAMIC_NO_PIC = NO;
				GCC_NO_COMMON_BLOCKS = YES;
				GCC_OPTIMIZATION_LEVEL = 0;
				GCC_PREPROCESSOR_DEFINITIONS = (
					"DEBUG=1",
					"$(inherited)",
				);
				GCC_WARN_64_TO_32_BIT_CONVERSION = YES;
				GCC_WARN_ABOUT_RETURN_TYPE = YES_ERROR;
				GCC_WARN_UNDECLARED_SELECTOR = YES;
				GCC_WARN_UNINITIALIZED_AUTOS = YES_AGGRESSIVE;
				GCC_WARN_UNUSED_FUNCTION = YES;
				GCC_WARN_UNUSED_VARIABLE = YES;
				IPHONEOS_DEPLOYMENT_TARGET = 11.4;
				MTL_ENABLE_DEBUG_INFO = YES;
				ONLY_ACTIVE_ARCH = YES;
				SDKROOT = iphoneos;
			};
			name = Debug;
		};
		F5B9FD3321094B27002F1C26 /* Release */ = {
			isa = XCBuildConfiguration;
			buildSettings = {
				ALWAYS_SEARCH_USER_PATHS = NO;
				CLANG_ANALYZER_NONNULL = YES;
				CLANG_ANALYZER_NUMBER_OBJECT_CONVERSION = YES_AGGRESSIVE;
				CLANG_CXX_LANGUAGE_STANDARD = "gnu++14";
				CLANG_CXX_LIBRARY = "libc++";
				CLANG_ENABLE_MODULES = YES;
				CLANG_ENABLE_OBJC_ARC = YES;
				CLANG_ENABLE_OBJC_WEAK = YES;
				CLANG_WARN_BLOCK_CAPTURE_AUTORELEASING = YES;
				CLANG_WARN_BOOL_CONVERSION = YES;
				CLANG_WARN_COMMA = YES;
				CLANG_WARN_CONSTANT_CONVERSION = YES;
				CLANG_WARN_DEPRECATED_OBJC_IMPLEMENTATIONS = YES;
				CLANG_WARN_DIRECT_OBJC_ISA_USAGE = YES_ERROR;
				CLANG_WARN_DOCUMENTATION_COMMENTS = YES;
				CLANG_WARN_EMPTY_BODY = YES;
				CLANG_WARN_ENUM_CONVERSION = YES;
				CLANG_WARN_INFINITE_RECURSION = YES;
				CLANG_WARN_INT_CONVERSION = YES;
				CLANG_WARN_NON_LITERAL_NULL_CONVERSION = YES;
				CLANG_WARN_OBJC_IMPLICIT_RETAIN_SELF = YES;
				CLANG_WARN_OBJC_LITERAL_CONVERSION = YES;
				CLANG_WARN_OBJC_ROOT_CLASS = YES_ERROR;
				CLANG_WARN_RANGE_LOOP_ANALYSIS = YES;
				CLANG_WARN_STRICT_PROTOTYPES = YES;
				CLANG_WARN_SUSPICIOUS_MOVE = YES;
				CLANG_WARN_UNGUARDED_AVAILABILITY = YES_AGGRESSIVE;
				CLANG_WARN_UNREACHABLE_CODE = YES;
				CLANG_WARN__DUPLICATE_METHOD_MATCH = YES;
				CODE_SIGN_IDENTITY = "iPhone Developer";
				COPY_PHASE_STRIP = NO;
				DEBUG_INFORMATION_FORMAT = "dwarf-with-dsym";
				ENABLE_NS_ASSERTIONS = NO;
				ENABLE_STRICT_OBJC_MSGSEND = YES;
				GCC_C_LANGUAGE_STANDARD = gnu11;
				GCC_NO_COMMON_BLOCKS = YES;
				GCC_WARN_64_TO_32_BIT_CONVERSION = YES;
				GCC_WARN_ABOUT_RETURN_TYPE = YES_ERROR;
				GCC_WARN_UNDECLARED_SELECTOR = YES;
				GCC_WARN_UNINITIALIZED_AUTOS = YES_AGGRESSIVE;
				GCC_WARN_UNUSED_FUNCTION = YES;
				GCC_WARN_UNUSED_VARIABLE = YES;
				IPHONEOS_DEPLOYMENT_TARGET = 11.4;
				MTL_ENABLE_DEBUG_INFO = NO;
				SDKROOT = iphoneos;
				VALIDATE_PRODUCT = YES;
			};
			name = Release;
		};
		F5B9FD3521094B27002F1C26 /* Debug */ = {
			isa = XCBuildConfiguration;
			baseConfigurationReference = 51F4401D8AEDE8BBAA9C4744 /* Pods-MLGo.debug.xcconfig */;
			buildSettings = {
				ASSETCATALOG_COMPILER_APPICON_NAME = AppIcon;
				CODE_SIGN_STYLE = Automatic;
				DEVELOPMENT_TEAM = 722KJB9L65;
				INFOPLIST_FILE = MLGo/Info.plist;
				IPHONEOS_DEPLOYMENT_TARGET = 9.0;
				LD_RUNPATH_SEARCH_PATHS = (
					"$(inherited)",
					"@executable_path/Frameworks",
				);
				PRODUCT_BUNDLE_IDENTIFIER = com.maple.www.MLGo;
				PRODUCT_NAME = "$(TARGET_NAME)";
				TARGETED_DEVICE_FAMILY = "1,2";
			};
			name = Debug;
		};
		F5B9FD3621094B27002F1C26 /* Release */ = {
			isa = XCBuildConfiguration;
			baseConfigurationReference = 56D719CF8961F6BC14729338 /* Pods-MLGo.release.xcconfig */;
			buildSettings = {
				ASSETCATALOG_COMPILER_APPICON_NAME = AppIcon;
				CODE_SIGN_STYLE = Automatic;
				DEVELOPMENT_TEAM = 722KJB9L65;
				INFOPLIST_FILE = MLGo/Info.plist;
				IPHONEOS_DEPLOYMENT_TARGET = 9.0;
				LD_RUNPATH_SEARCH_PATHS = (
					"$(inherited)",
					"@executable_path/Frameworks",
				);
				PRODUCT_BUNDLE_IDENTIFIER = com.maple.www.MLGo;
				PRODUCT_NAME = "$(TARGET_NAME)";
				TARGETED_DEVICE_FAMILY = "1,2";
			};
			name = Release;
		};
/* End XCBuildConfiguration section */

/* Begin XCConfigurationList section */
		F5B9FD1921094B26002F1C26 /* Build configuration list for PBXProject "MLGo" */ = {
			isa = XCConfigurationList;
			buildConfigurations = (
				F5B9FD3221094B27002F1C26 /* Debug */,
				F5B9FD3321094B27002F1C26 /* Release */,
			);
			defaultConfigurationIsVisible = 0;
			defaultConfigurationName = Release;
		};
		F5B9FD3421094B27002F1C26 /* Build configuration list for PBXNativeTarget "MLGo" */ = {
			isa = XCConfigurationList;
			buildConfigurations = (
				F5B9FD3521094B27002F1C26 /* Debug */,
				F5B9FD3621094B27002F1C26 /* Release */,
			);
			defaultConfigurationIsVisible = 0;
			defaultConfigurationName = Release;
		};
/* End XCConfigurationList section */
	};
	rootObject = F5B9FD1621094B26002F1C26 /* Project object */;
}
